# This file is automatically @generated by Cargo.
# It is not intended for manual editing.
[[package]]
name = "bswp"
version = "0.1.0"
source = "registry+https://github.com/rust-lang/crates.io-index"
checksum = "760ec2f1d92baeaaf62a0f1681e929eb4a3335996dc1073842efcb8106b74c30"

[[package]]
name = "bswp-cli"
version = "0.1.0"
dependencies = [
 "bswp",
]
